
Microsoft Visual Studio Solution File, Format Version 12.00
# Visual Studio Version 17
VisualStudioVersion = 17.3.32804.467
MinimumVisualStudioVersion = 10.0.40219.1
Project("{FAE04EC0-301F-11D3-BF4B-00C04F79EFBC}") = "TranslatieDreptunghi", "TranslatieDreptunghi.csproj", "{766EC536-F531-45A6-BE7C-16E39B66CFF9}"
EndProject
Global
	GlobalSection(SolutionConfigurationPlatforms) = preSolution
		Debug|Any CPU = Debug|Any CPU
		Release|Any CPU = Release|Any CPU
	EndGlobalSection
	GlobalSection(ProjectConfigurationPlatforms) = postSolution
		{766EC536-F531-45A6-BE7C-16E39B66CFF9}.Debug|Any CPU.ActiveCfg = Debug|Any CPU
		{766EC536-F531-45A6-BE7C-16E39B66CFF9}.Debug|Any CPU.Build.0 = Debug|Any CPU
		{766EC536-F531-45A6-BE7C-16E39B66CFF9}.Release|Any CPU.ActiveCfg = Release|Any CPU
		{766EC536-F531-45A6-BE7C-16E39B66CFF9}.Release|Any CPU.Build.0 = Release|Any CPU
	EndGlobalSection
	GlobalSection(SolutionProperties) = preSolution
		HideSolutionNode = FALSE
	EndGlobalSection
	GlobalSection(ExtensibilityGlobals) = postSolution
		SolutionGuid = {02F9ED76-CFA6-44E9-8DF5-197B89A5718A}
	EndGlobalSection
EndGlobal
